
Microsoft Visual Studio Solution File, Format Version 12.00
# Visual Studio Version 17
VisualStudioVersion = 17.0.31903.59
MinimumVisualStudioVersion = 10.0.40219.1
Project("{2150E333-8FDC-42A3-9474-1A3956D46DE8}") = "src", "src", "{827E0CD3-B72D-47B6-A68D-7590B98EB39B}"
EndProject
Project("{2150E333-8FDC-42A3-9474-1A3956D46DE8}") = "Modules", "Modules", "{EC447DCF-ABFA-6E24-52A5-D7FD48A5C558}"
EndProject
Project("{FAE04EC0-301F-11D3-BF4B-00C04F79EFBC}") = "Nina.Family", "src\Modules\Nina.Family\Nina.Family.csproj", "{9257D200-5BBC-45E8-B088-07619F531679}"
EndProject
Project("{FAE04EC0-301F-11D3-BF4B-00C04F79EFBC}") = "Nina.SleepIntelligence", "src\Modules\Nina.SleepIntelligence\Nina.SleepIntelligence.csproj", "{4FDB2D53-E2EB-422F-85C0-DAD1690080B9}"
EndProject
Project("{FAE04EC0-301F-11D3-BF4B-00C04F79EFBC}") = "Nina.Notifications", "src\Modules\Nina.Notifications\Nina.Notifications.csproj", "{1FBF0D73-5B7E-48BC-9CE6-BF644B23167D}"
EndProject
Project("{FAE04EC0-301F-11D3-BF4B-00C04F79EFBC}") = "Nina.Privacy", "src\Modules\Nina.Privacy\Nina.Privacy.csproj", "{8661D02D-ECC9-4D30-87FF-57FBDCCFB692}"
EndProject
Project("{FAE04EC0-301F-11D3-BF4B-00C04F79EFBC}") = "Nina.Identity", "src\Modules\Nina.Identity\Nina.Identity.csproj", "{16F2E1DF-D7B6-4A6A-9419-05A940A28C25}"
EndProject
Project("{FAE04EC0-301F-11D3-BF4B-00C04F79EFBC}") = "Nina.Subscriptions", "src\Modules\Nina.Subscriptions\Nina.Subscriptions.csproj", "{EB74A32C-580A-4011-BD29-60108A2531D5}"
EndProject
Project("{FAE04EC0-301F-11D3-BF4B-00C04F79EFBC}") = "Nina.Tracking", "src\Modules\Nina.Tracking\Nina.Tracking.csproj", "{008699D2-A923-4C79-897C-7504A88A0498}"
EndProject
Project("{FAE04EC0-301F-11D3-BF4B-00C04F79EFBC}") = "Nina.Api", "src\Nina.Api\Nina.Api.csproj", "{FCA4A816-5C12-46AD-9310-A4D8905F61D3}"
EndProject
Project("{FAE04EC0-301F-11D3-BF4B-00C04F79EFBC}") = "Nina.Bff", "src\Nina.Bff\Nina.Bff.csproj", "{0DCE19AB-FCD6-486B-8072-8B3E23D3D92D}"
EndProject
Project("{2150E333-8FDC-42A3-9474-1A3956D46DE8}") = "tests", "tests", "{0AB3BF05-4346-4AA6-1389-037BE0695223}"
EndProject
Project("{FAE04EC0-301F-11D3-BF4B-00C04F79EFBC}") = "Nina.Api.Tests", "tests\Nina.Api.Tests\Nina.Api.Tests.csproj", "{99E44AE7-28B5-49B8-A33E-F48CD91E9D1E}"
EndProject
Project("{FAE04EC0-301F-11D3-BF4B-00C04F79EFBC}") = "Nina.Bff.Tests", "tests\Nina.Bff.Tests\Nina.Bff.Tests.csproj", "{F5D9C56C-FAAA-4A4F-A694-F6EB49CF3EA0}"
EndProject
Global
	GlobalSection(SolutionConfigurationPlatforms) = preSolution
		Debug|Any CPU = Debug|Any CPU
		Debug|x64 = Debug|x64
		Debug|x86 = Debug|x86
		Release|Any CPU = Release|Any CPU
		Release|x64 = Release|x64
		Release|x86 = Release|x86
	EndGlobalSection
	GlobalSection(ProjectConfigurationPlatforms) = postSolution
		{9257D200-5BBC-45E8-B088-07619F531679}.Debug|Any CPU.ActiveCfg = Debug|Any CPU
		{9257D200-5BBC-45E8-B088-07619F531679}.Debug|Any CPU.Build.0 = Debug|Any CPU
		{9257D200-5BBC-45E8-B088-07619F531679}.Debug|x64.ActiveCfg = Debug|Any CPU
		{9257D200-5BBC-45E8-B088-07619F531679}.Debug|x64.Build.0 = Debug|Any CPU
		{9257D200-5BBC-45E8-B088-07619F531679}.Debug|x86.ActiveCfg = Debug|Any CPU
		{9257D200-5BBC-45E8-B088-07619F531679}.Debug|x86.Build.0 = Debug|Any CPU
		{9257D200-5BBC-45E8-B088-07619F531679}.Release|Any CPU.ActiveCfg = Release|Any CPU
		{9257D200-5BBC-45E8-B088-07619F531679}.Release|Any CPU.Build.0 = Release|Any CPU
		{9257D200-5BBC-45E8-B088-07619F531679}.Release|x64.ActiveCfg = Release|Any CPU
		{9257D200-5BBC-45E8-B088-07619F531679}.Release|x64.Build.0 = Release|Any CPU
		{9257D200-5BBC-45E8-B088-07619F531679}.Release|x86.ActiveCfg = Release|Any CPU
		{9257D200-5BBC-45E8-B088-07619F531679}.Release|x86.Build.0 = Release|Any CPU
		{4FDB2D53-E2EB-422F-85C0-DAD1690080B9}.Debug|Any CPU.ActiveCfg = Debug|Any CPU
		{4FDB2D53-E2EB-422F-85C0-DAD1690080B9}.Debug|Any CPU.Build.0 = Debug|Any CPU
		{4FDB2D53-E2EB-422F-85C0-DAD1690080B9}.Debug|x64.ActiveCfg = Debug|Any CPU
		{4FDB2D53-E2EB-422F-85C0-DAD1690080B9}.Debug|x64.Build.0 = Debug|Any CPU
		{4FDB2D53-E2EB-422F-85C0-DAD1690080B9}.Debug|x86.ActiveCfg = Debug|Any CPU
		{4FDB2D53-E2EB-422F-85C0-DAD1690080B9}.Debug|x86.Build.0 = Debug|Any CPU
		{4FDB2D53-E2EB-422F-85C0-DAD1690080B9}.Release|Any CPU.ActiveCfg = Release|Any CPU
		{4FDB2D53-E2EB-422F-85C0-DAD1690080B9}.Release|Any CPU.Build.0 = Release|Any CPU
		{4FDB2D53-E2EB-422F-85C0-DAD1690080B9}.Release|x64.ActiveCfg = Release|Any CPU
		{4FDB2D53-E2EB-422F-85C0-DAD1690080B9}.Release|x64.Build.0 = Release|Any CPU
		{4FDB2D53-E2EB-422F-85C0-DAD1690080B9}.Release|x86.ActiveCfg = Release|Any CPU
		{4FDB2D53-E2EB-422F-85C0-DAD1690080B9}.Release|x86.Build.0 = Release|Any CPU
		{1FBF0D73-5B7E-48BC-9CE6-BF644B23167D}.Debug|Any CPU.ActiveCfg = Debug|Any CPU
		{1FBF0D73-5B7E-48BC-9CE6-BF644B23167D}.Debug|Any CPU.Build.0 = Debug|Any CPU
		{1FBF0D73-5B7E-48BC-9CE6-BF644B23167D}.Debug|x64.ActiveCfg = Debug|Any CPU
		{1FBF0D73-5B7E-48BC-9CE6-BF644B23167D}.Debug|x64.Build.0 = Debug|Any CPU
		{1FBF0D73-5B7E-48BC-9CE6-BF644B23167D}.Debug|x86.ActiveCfg = Debug|Any CPU
		{1FBF0D73-5B7E-48BC-9CE6-BF644B23167D}.Debug|x86.Build.0 = Debug|Any CPU
		{1FBF0D73-5B7E-48BC-9CE6-BF644B23167D}.Release|Any CPU.ActiveCfg = Release|Any CPU
		{1FBF0D73-5B7E-48BC-9CE6-BF644B23167D}.Release|Any CPU.Build.0 = Release|Any CPU
		{1FBF0D73-5B7E-48BC-9CE6-BF644B23167D}.Release|x64.ActiveCfg = Release|Any CPU
		{1FBF0D73-5B7E-48BC-9CE6-BF644B23167D}.Release|x64.Build.0 = Release|Any CPU
		{1FBF0D73-5B7E-48BC-9CE6-BF644B23167D}.Release|x86.ActiveCfg = Release|Any CPU
		{1FBF0D73-5B7E-48BC-9CE6-BF644B23167D}.Release|x86.Build.0 = Release|Any CPU
		{8661D02D-ECC9-4D30-87FF-57FBDCCFB692}.Debug|Any CPU.ActiveCfg = Debug|Any CPU
		{8661D02D-ECC9-4D30-87FF-57FBDCCFB692}.Debug|Any CPU.Build.0 = Debug|Any CPU
		{8661D02D-ECC9-4D30-87FF-57FBDCCFB692}.Debug|x64.ActiveCfg = Debug|Any CPU
		{8661D02D-ECC9-4D30-87FF-57FBDCCFB692}.Debug|x64.Build.0 = Debug|Any CPU
		{8661D02D-ECC9-4D30-87FF-57FBDCCFB692}.Debug|x86.ActiveCfg = Debug|Any CPU
		{8661D02D-ECC9-4D30-87FF-57FBDCCFB692}.Debug|x86.Build.0 = Debug|Any CPU
		{8661D02D-ECC9-4D30-87FF-57FBDCCFB692}.Release|Any CPU.ActiveCfg = Release|Any CPU
		{8661D02D-ECC9-4D30-87FF-57FBDCCFB692}.Release|Any CPU.Build.0 = Release|Any CPU
		{8661D02D-ECC9-4D30-87FF-57FBDCCFB692}.Release|x64.ActiveCfg = Release|Any CPU
		{8661D02D-ECC9-4D30-87FF-57FBDCCFB692}.Release|x64.Build.0 = Release|Any CPU
		{8661D02D-ECC9-4D30-87FF-57FBDCCFB692}.Release|x86.ActiveCfg = Release|Any CPU
		{8661D02D-ECC9-4D30-87FF-57FBDCCFB692}.Release|x86.Build.0 = Release|Any CPU
		{16F2E1DF-D7B6-4A6A-9419-05A940A28C25}.Debug|Any CPU.ActiveCfg = Debug|Any CPU
		{16F2E1DF-D7B6-4A6A-9419-05A940A28C25}.Debug|Any CPU.Build.0 = Debug|Any CPU
		{16F2E1DF-D7B6-4A6A-9419-05A940A28C25}.Debug|x64.ActiveCfg = Debug|Any CPU
		{16F2E1DF-D7B6-4A6A-9419-05A940A28C25}.Debug|x64.Build.0 = Debug|Any CPU
		{16F2E1DF-D7B6-4A6A-9419-05A940A28C25}.Debug|x86.ActiveCfg = Debug|Any CPU
		{16F2E1DF-D7B6-4A6A-9419-05A940A28C25}.Debug|x86.Build.0 = Debug|Any CPU
		{16F2E1DF-D7B6-4A6A-9419-05A940A28C25}.Release|Any CPU.ActiveCfg = Release|Any CPU
		{16F2E1DF-D7B6-4A6A-9419-05A940A28C25}.Release|Any CPU.Build.0 = Release|Any CPU
		{16F2E1DF-D7B6-4A6A-9419-05A940A28C25}.Release|x64.ActiveCfg = Release|Any CPU
		{16F2E1DF-D7B6-4A6A-9419-05A940A28C25}.Release|x64.Build.0 = Release|Any CPU
		{16F2E1DF-D7B6-4A6A-9419-05A940A28C25}.Release|x86.ActiveCfg = Release|Any CPU
		{16F2E1DF-D7B6-4A6A-9419-05A940A28C25}.Release|x86.Build.0 = Release|Any CPU
		{EB74A32C-580A-4011-BD29-60108A2531D5}.Debug|Any CPU.ActiveCfg = Debug|Any CPU
		{EB74A32C-580A-4011-BD29-60108A2531D5}.Debug|Any CPU.Build.0 = Debug|Any CPU
		{EB74A32C-580A-4011-BD29-60108A2531D5}.Debug|x64.ActiveCfg = Debug|Any CPU
		{EB74A32C-580A-4011-BD29-60108A2531D5}.Debug|x64.Build.0 = Debug|Any CPU
		{EB74A32C-580A-4011-BD29-60108A2531D5}.Debug|x86.ActiveCfg = Debug|Any CPU
		{EB74A32C-580A-4011-BD29-60108A2531D5}.Debug|x86.Build.0 = Debug|Any CPU
		{EB74A32C-580A-4011-BD29-60108A2531D5}.Release|Any CPU.ActiveCfg = Release|Any CPU
		{EB74A32C-580A-4011-BD29-60108A2531D5}.Release|Any CPU.Build.0 = Release|Any CPU
		{EB74A32C-580A-4011-BD29-60108A2531D5}.Release|x64.ActiveCfg = Release|Any CPU
		{EB74A32C-580A-4011-BD29-60108A2531D5}.Release|x64.Build.0 = Release|Any CPU
		{EB74A32C-580A-4011-BD29-60108A2531D5}.Release|x86.ActiveCfg = Release|Any CPU
		{EB74A32C-580A-4011-BD29-60108A2531D5}.Release|x86.Build.0 = Release|Any CPU
		{008699D2-A923-4C79-897C-7504A88A0498}.Debug|Any CPU.ActiveCfg = Debug|Any CPU
		{008699D2-A923-4C79-897C-7504A88A0498}.Debug|Any CPU.Build.0 = Debug|Any CPU
		{008699D2-A923-4C79-897C-7504A88A0498}.Debug|x64.ActiveCfg = Debug|Any CPU
		{008699D2-A923-4C79-897C-7504A88A0498}.Debug|x64.Build.0 = Debug|Any CPU
		{008699D2-A923-4C79-897C-7504A88A0498}.Debug|x86.ActiveCfg = Debug|Any CPU
		{008699D2-A923-4C79-897C-7504A88A0498}.Debug|x86.Build.0 = Debug|Any CPU
		{008699D2-A923-4C79-897C-7504A88A0498}.Release|Any CPU.ActiveCfg = Release|Any CPU
		{008699D2-A923-4C79-897C-7504A88A0498}.Release|Any CPU.Build.0 = Release|Any CPU
		{008699D2-A923-4C79-897C-7504A88A0498}.Release|x64.ActiveCfg = Release|Any CPU
		{008699D2-A923-4C79-897C-7504A88A0498}.Release|x64.Build.0 = Release|Any CPU
		{008699D2-A923-4C79-897C-7504A88A0498}.Release|x86.ActiveCfg = Release|Any CPU
		{008699D2-A923-4C79-897C-7504A88A0498}.Release|x86.Build.0 = Release|Any CPU
		{FCA4A816-5C12-46AD-9310-A4D8905F61D3}.Debug|Any CPU.ActiveCfg = Debug|Any CPU
		{FCA4A816-5C12-46AD-9310-A4D8905F61D3}.Debug|Any CPU.Build.0 = Debug|Any CPU
		{FCA4A816-5C12-46AD-9310-A4D8905F61D3}.Debug|x64.ActiveCfg = Debug|Any CPU
		{FCA4A816-5C12-46AD-9310-A4D8905F61D3}.Debug|x64.Build.0 = Debug|Any CPU
		{FCA4A816-5C12-46AD-9310-A4D8905F61D3}.Debug|x86.ActiveCfg = Debug|Any CPU
		{FCA4A816-5C12-46AD-9310-A4D8905F61D3}.Debug|x86.Build.0 = Debug|Any CPU
		{FCA4A816-5C12-46AD-9310-A4D8905F61D3}.Release|Any CPU.ActiveCfg = Release|Any CPU
		{FCA4A816-5C12-46AD-9310-A4D8905F61D3}.Release|Any CPU.Build.0 = Release|Any CPU
		{FCA4A816-5C12-46AD-9310-A4D8905F61D3}.Release|x64.ActiveCfg = Release|Any CPU
		{FCA4A816-5C12-46AD-9310-A4D8905F61D3}.Release|x64.Build.0 = Release|Any CPU
		{FCA4A816-5C12-46AD-9310-A4D8905F61D3}.Release|x86.ActiveCfg = Release|Any CPU
		{FCA4A816-5C12-46AD-9310-A4D8905F61D3}.Release|x86.Build.0 = Release|Any CPU
		{0DCE19AB-FCD6-486B-8072-8B3E23D3D92D}.Debug|Any CPU.ActiveCfg = Debug|Any CPU
		{0DCE19AB-FCD6-486B-8072-8B3E23D3D92D}.Debug|Any CPU.Build.0 = Debug|Any CPU
		{0DCE19AB-FCD6-486B-8072-8B3E23D3D92D}.Debug|x64.ActiveCfg = Debug|Any CPU
		{0DCE19AB-FCD6-486B-8072-8B3E23D3D92D}.Debug|x64.Build.0 = Debug|Any CPU
		{0DCE19AB-FCD6-486B-8072-8B3E23D3D92D}.Debug|x86.ActiveCfg = Debug|Any CPU
		{0DCE19AB-FCD6-486B-8072-8B3E23D3D92D}.Debug|x86.Build.0 = Debug|Any CPU
		{0DCE19AB-FCD6-486B-8072-8B3E23D3D92D}.Release|Any CPU.ActiveCfg = Release|Any CPU
		{0DCE19AB-FCD6-486B-8072-8B3E23D3D92D}.Release|Any CPU.Build.0 = Release|Any CPU
		{0DCE19AB-FCD6-486B-8072-8B3E23D3D92D}.Release|x64.ActiveCfg = Release|Any CPU
		{0DCE19AB-FCD6-486B-8072-8B3E23D3D92D}.Release|x64.Build.0 = Release|Any CPU
		{0DCE19AB-FCD6-486B-8072-8B3E23D3D92D}.Release|x86.ActiveCfg = Release|Any CPU
		{0DCE19AB-FCD6-486B-8072-8B3E23D3D92D}.Release|x86.Build.0 = Release|Any CPU
		{99E44AE7-28B5-49B8-A33E-F48CD91E9D1E}.Debug|Any CPU.ActiveCfg = Debug|Any CPU
		{99E44AE7-28B5-49B8-A33E-F48CD91E9D1E}.Debug|Any CPU.Build.0 = Debug|Any CPU
		{99E44AE7-28B5-49B8-A33E-F48CD91E9D1E}.Debug|x64.ActiveCfg = Debug|Any CPU
		{99E44AE7-28B5-49B8-A33E-F48CD91E9D1E}.Debug|x64.Build.0 = Debug|Any CPU
		{99E44AE7-28B5-49B8-A33E-F48CD91E9D1E}.Debug|x86.ActiveCfg = Debug|Any CPU
		{99E44AE7-28B5-49B8-A33E-F48CD91E9D1E}.Debug|x86.Build.0 = Debug|Any CPU
		{99E44AE7-28B5-49B8-A33E-F48CD91E9D1E}.Release|Any CPU.ActiveCfg = Release|Any CPU
		{99E44AE7-28B5-49B8-A33E-F48CD91E9D1E}.Release|Any CPU.Build.0 = Release|Any CPU
		{99E44AE7-28B5-49B8-A33E-F48CD91E9D1E}.Release|x64.ActiveCfg = Release|Any CPU
		{99E44AE7-28B5-49B8-A33E-F48CD91E9D1E}.Release|x64.Build.0 = Release|Any CPU
		{99E44AE7-28B5-49B8-A33E-F48CD91E9D1E}.Release|x86.ActiveCfg = Release|Any CPU
		{99E44AE7-28B5-49B8-A33E-F48CD91E9D1E}.Release|x86.Build.0 = Release|Any CPU
		{F5D9C56C-FAAA-4A4F-A694-F6EB49CF3EA0}.Debug|Any CPU.ActiveCfg = Debug|Any CPU
		{F5D9C56C-FAAA-4A4F-A694-F6EB49CF3EA0}.Debug|Any CPU.Build.0 = Debug|Any CPU
		{F5D9C56C-FAAA-4A4F-A694-F6EB49CF3EA0}.Debug|x64.ActiveCfg = Debug|Any CPU
		{F5D9C56C-FAAA-4A4F-A694-F6EB49CF3EA0}.Debug|x64.Build.0 = Debug|Any CPU
		{F5D9C56C-FAAA-4A4F-A694-F6EB49CF3EA0}.Debug|x86.ActiveCfg = Debug|Any CPU
		{F5D9C56C-FAAA-4A4F-A694-F6EB49CF3EA0}.Debug|x86.Build.0 = Debug|Any CPU
		{F5D9C56C-FAAA-4A4F-A694-F6EB49CF3EA0}.Release|Any CPU.ActiveCfg = Release|Any CPU
		{F5D9C56C-FAAA-4A4F-A694-F6EB49CF3EA0}.Release|Any CPU.Build.0 = Release|Any CPU
		{F5D9C56C-FAAA-4A4F-A694-F6EB49CF3EA0}.Release|x64.ActiveCfg = Release|Any CPU
		{F5D9C56C-FAAA-4A4F-A694-F6EB49CF3EA0}.Release|x64.Build.0 = Release|Any CPU
		{F5D9C56C-FAAA-4A4F-A694-F6EB49CF3EA0}.Release|x86.ActiveCfg = Release|Any CPU
		{F5D9C56C-FAAA-4A4F-A694-F6EB49CF3EA0}.Release|x86.Build.0 = Release|Any CPU
	EndGlobalSection
	GlobalSection(SolutionProperties) = preSolution
		HideSolutionNode = FALSE
	EndGlobalSection
	GlobalSection(NestedProjects) = preSolution
		{EC447DCF-ABFA-6E24-52A5-D7FD48A5C558} = {827E0CD3-B72D-47B6-A68D-7590B98EB39B}
		{9257D200-5BBC-45E8-B088-07619F531679} = {EC447DCF-ABFA-6E24-52A5-D7FD48A5C558}
		{4FDB2D53-E2EB-422F-85C0-DAD1690080B9} = {EC447DCF-ABFA-6E24-52A5-D7FD48A5C558}
		{1FBF0D73-5B7E-48BC-9CE6-BF644B23167D} = {EC447DCF-ABFA-6E24-52A5-D7FD48A5C558}
		{8661D02D-ECC9-4D30-87FF-57FBDCCFB692} = {EC447DCF-ABFA-6E24-52A5-D7FD48A5C558}
		{16F2E1DF-D7B6-4A6A-9419-05A940A28C25} = {EC447DCF-ABFA-6E24-52A5-D7FD48A5C558}
		{EB74A32C-580A-4011-BD29-60108A2531D5} = {EC447DCF-ABFA-6E24-52A5-D7FD48A5C558}
		{008699D2-A923-4C79-897C-7504A88A0498} = {EC447DCF-ABFA-6E24-52A5-D7FD48A5C558}
		{FCA4A816-5C12-46AD-9310-A4D8905F61D3} = {827E0CD3-B72D-47B6-A68D-7590B98EB39B}
		{0DCE19AB-FCD6-486B-8072-8B3E23D3D92D} = {827E0CD3-B72D-47B6-A68D-7590B98EB39B}
		{99E44AE7-28B5-49B8-A33E-F48CD91E9D1E} = {0AB3BF05-4346-4AA6-1389-037BE0695223}
		{F5D9C56C-FAAA-4A4F-A694-F6EB49CF3EA0} = {0AB3BF05-4346-4AA6-1389-037BE0695223}
	EndGlobalSection
EndGlobal
